// !$*UTF8*$!
{
	archiveVersion = 1;
	classes = {
	};
	objectVersion = 56;
	objects = {

/* Begin PBXBuildFile section */
		BC45F0512BFE04B800D1808D /* SquadArticleDemoApp.swift in Sources */ = {isa = PBXBuildFile; fileRef = BC45F0502BFE04B800D1808D /* SquadArticleDemoApp.swift */; };
		BC45F0532BFE04B800D1808D /* ContentView.swift in Sources */ = {isa = PBXBuildFile; fileRef = BC45F0522BFE04B800D1808D /* ContentView.swift */; };
		BC45F0552BFE04BA00D1808D /* Assets.xcassets in Resources */ = {isa = PBXBuildFile; fileRef = BC45F0542BFE04BA00D1808D /* Assets.xcassets */; };
		BC45F0582BFE04BA00D1808D /* Preview Assets.xcassets in Resources */ = {isa = PBXBuildFile; fileRef = BC45F0572BFE04BA00D1808D /* Preview Assets.xcassets */; };
		BC45F05F2BFE054C00D1808D /* StartingCode.swift in Sources */ = {isa = PBXBuildFile; fileRef = BC45F05E2BFE054C00D1808D /* StartingCode.swift */; };
		BC45F0612BFE05AD00D1808D /* Article.swift in Sources */ = {isa = PBXBuildFile; fileRef = BC45F0602BFE05AD00D1808D /* Article.swift */; };
		BC45F0632BFE060400D1808D /* APIClient.swift in Sources */ = {isa = PBXBuildFile; fileRef = BC45F0622BFE060400D1808D /* APIClient.swift */; };
		BC45F0652BFE0B8D00D1808D /* ArticleRowView.swift in Sources */ = {isa = PBXBuildFile; fileRef = BC45F0642BFE0B8D00D1808D /* ArticleRowView.swift */; };
		BC45F06C2BFE130B00D1808D /* ArticleCollectionView.swift in Sources */ = {isa = PBXBuildFile; fileRef = BC45F06B2BFE130B00D1808D /* ArticleCollectionView.swift */; };
/* End PBXBuildFile section */

/* Begin PBXFileReference section */
		BC45F04D2BFE04B800D1808D /* SquadArticleDemo.app */ = {isa = PBXFileReference; explicitFileType = wrapper.application; includeInIndex = 0; path = SquadArticleDemo.app; sourceTree = BUILT_PRODUCTS_DIR; };
		BC45F0502BFE04B800D1808D /* SquadArticleDemoApp.swift */ = {isa = PBXFileReference; lastKnownFileType = sourcecode.swift; path = SquadArticleDemoApp.swift; sourceTree = "<group>"; };
		BC45F0522BFE04B800D1808D /* ContentView.swift */ = {isa = PBXFileReference; lastKnownFileType = sourcecode.swift; path = ContentView.swift; sourceTree = "<group>"; };
		BC45F0542BFE04BA00D1808D /* Assets.xcassets */ = {isa = PBXFileReference; lastKnownFileType = folder.assetcatalog; path = Assets.xcassets; sourceTree = "<group>"; };
		BC45F0572BFE04BA00D1808D /* Preview Assets.xcassets */ = {isa = PBXFileReference; lastKnownFileType = folder.assetcatalog; path = "Preview Assets.xcassets"; sourceTree = "<group>"; };
		BC45F05E2BFE054C00D1808D /* StartingCode.swift */ = {isa = PBXFileReference; lastKnownFileType = sourcecode.swift; path = StartingCode.swift; sourceTree = "<group>"; };
		BC45F0602BFE05AD00D1808D /* Article.swift */ = {isa = PBXFileReference; lastKnownFileType = sourcecode.swift; path = Article.swift; sourceTree = "<group>"; };
		BC45F0622BFE060400D1808D /* APIClient.swift */ = {isa = PBXFileReference; lastKnownFileType = sourcecode.swift; path = APIClient.swift; sourceTree = "<group>"; };
		BC45F0642BFE0B8D00D1808D /* ArticleRowView.swift */ = {isa = PBXFileReference; lastKnownFileType = sourcecode.swift; path = ArticleRowView.swift; sourceTree = "<group>"; };
		BC45F06B2BFE130B00D1808D /* ArticleCollectionView.swift */ = {isa = PBXFileReference; lastKnownFileType = sourcecode.swift; path = ArticleCollectionView.swift; sourceTree = "<group>"; };
/* End PBXFileReference section */

/* Begin PBXFrameworksBuildPhase section */
		BC45F04A2BFE04B800D1808D /* Frameworks */ = {
			isa = PBXFrameworksBuildPhase;
			buildActionMask = 2147483647;
			files = (
			);
			runOnlyForDeploymentPostprocessing = 0;
		};
/* End PBXFrameworksBuildPhase section */

/* Begin PBXGroup section */
		BC45F0442BFE04B800D1808D = {
			isa = PBXGroup;
			children = (
				BC45F04F2BFE04B800D1808D /* SquadArticleDemo */,
				BC45F04E2BFE04B800D1808D /* Products */,
			);
			sourceTree = "<group>";
		};
		BC45F04E2BFE04B800D1808D /* Products */ = {
			isa = PBXGroup;
			children = (
				BC45F04D2BFE04B800D1808D /* SquadArticleDemo.app */,
			);
			name = Products;
			sourceTree = "<group>";
		};
		BC45F04F2BFE04B800D1808D /* SquadArticleDemo */ = {
			isa = PBXGroup;
			children = (
				BC45F0662BFE12BB00D1808D /* App */,
				BC45F0672BFE12CA00D1808D /* Reference */,
				BC45F0682BFE12D400D1808D /* View */,
				BC45F0692BFE12DB00D1808D /* Model */,
				BC45F06A2BFE12E000D1808D /* API */,
				BC45F0542BFE04BA00D1808D /* Assets.xcassets */,
				BC45F0562BFE04BA00D1808D /* Preview Content */,
			);
			path = SquadArticleDemo;
			sourceTree = "<group>";
		};
		BC45F0562BFE04BA00D1808D /* Preview Content */ = {
			isa = PBXGroup;
			children = (
				BC45F0572BFE04BA00D1808D /* Preview Assets.xcassets */,
			);
			path = "Preview Content";
			sourceTree = "<group>";
		};
		BC45F0662BFE12BB00D1808D /* App */ = {
			isa = PBXGroup;
			children = (
				BC45F0502BFE04B800D1808D /* SquadArticleDemoApp.swift */,
			);
			path = App;
			sourceTree = "<group>";
		};
		BC45F0672BFE12CA00D1808D /* Reference */ = {
			isa = PBXGroup;
			children = (
				BC45F05E2BFE054C00D1808D /* StartingCode.swift */,
			);
			path = Reference;
			sourceTree = "<group>";
		};
		BC45F0682BFE12D400D1808D /* View */ = {
			isa = PBXGroup;
			children = (
				BC45F0522BFE04B800D1808D /* ContentView.swift */,
				BC45F06B2BFE130B00D1808D /* ArticleCollectionView.swift */,
				BC45F0642BFE0B8D00D1808D /* ArticleRowView.swift */,
			);
			path = View;
			sourceTree = "<group>";
		};
		BC45F0692BFE12DB00D1808D /* Model */ = {
			isa = PBXGroup;
			children = (
				BC45F0602BFE05AD00D1808D /* Article.swift */,
			);
			path = Model;
			sourceTree = "<group>";
		};
		BC45F06A2BFE12E000D1808D /* API */ = {
			isa = PBXGroup;
			children = (
				BC45F0622BFE060400D1808D /* APIClient.swift */,
			);
			path = API;
			sourceTree = "<group>";
		};
/* End PBXGroup section */

/* Begin PBXNativeTarget section */
		BC45F04C2BFE04B800D1808D /* SquadArticleDemo */ = {
			isa = PBXNativeTarget;
			buildConfigurationList = BC45F05B2BFE04BA00D1808D /* Build configuration list for PBXNativeTarget "SquadArticleDemo" */;
			buildPhases = (
				BC45F0492BFE04B800D1808D /* Sources */,
				BC45F04A2BFE04B800D1808D /* Frameworks */,
				BC45F04B2BFE04B800D1808D /* Resources */,
			);
			buildRules = (
			);
			dependencies = (
			);
			name = SquadArticleDemo;
			productName = SquadArticleDemo;
			productReference = BC45F04D2BFE04B800D1808D /* SquadArticleDemo.app */;
			productType = "com.apple.product-type.application";
		};
/* End PBXNativeTarget section */

/* Begin PBXProject section */
		BC45F0452BFE04B800D1808D /* Project object */ = {
			isa = PBXProject;
			attributes = {
				BuildIndependentTargetsInParallel = 1;
				LastSwiftUpdateCheck = 1530;
				LastUpgradeCheck = 1530;
				TargetAttributes = {
					BC45F04C2BFE04B800D1808D = {
						CreatedOnToolsVersion = 15.3;
					};
				};
			};
			buildConfigurationList = BC45F0482BFE04B800D1808D /* Build configuration list for PBXProject "SquadArticleDemo" */;
			compatibilityVersion = "Xcode 14.0";
			developmentRegion = en;
			hasScannedForEncodings = 0;
			knownRegions = (
				en,
				Base,
			);
			mainGroup = BC45F0442BFE04B800D1808D;
			productRefGroup = BC45F04E2BFE04B800D1808D /* Products */;
			projectDirPath = "";
			projectRoot = "";
			targets = (
				BC45F04C2BFE04B800D1808D /* SquadArticleDemo */,
			);
		};
/* End PBXProject section */

/* Begin PBXResourcesBuildPhase section */
		BC45F04B2BFE04B800D1808D /* Resources */ = {
			isa = PBXResourcesBuildPhase;
			buildActionMask = 2147483647;
			files = (
				BC45F0582BFE04BA00D1808D /* Preview Assets.xcassets in Resources */,
				BC45F0552BFE04BA00D1808D /* Assets.xcassets in Resources */,
			);
			runOnlyForDeploymentPostprocessing = 0;
		};
/* End PBXResourcesBuildPhase section */

/* Begin PBXSourcesBuildPhase section */
		BC45F0492BFE04B800D1808D /* Sources */ = {
			isa = PBXSourcesBuildPhase;
			buildActionMask = 2147483647;
			files = (
				BC45F0612BFE05AD00D1808D /* Article.swift in Sources */,
				BC45F05F2BFE054C00D1808D /* StartingCode.swift in Sources */,
				BC45F0532BFE04B800D1808D /* ContentView.swift in Sources */,
				BC45F06C2BFE130B00D1808D /* ArticleCollectionView.swift in Sources */,
				BC45F0632BFE060400D1808D /* APIClient.swift in Sources */,
				BC45F0652BFE0B8D00D1808D /* ArticleRowView.swift in Sources */,
				BC45F0512BFE04B800D1808D /* SquadArticleDemoApp.swift in Sources */,
			);
			runOnlyForDeploymentPostprocessing = 0;
		};
/* End PBXSourcesBuildPhase section */

/* Begin XCBuildConfiguration section */
		BC45F0592BFE04BA00D1808D /* Debug */ = {
			isa = XCBuildConfiguration;
			buildSettings = {
				ALWAYS_SEARCH_USER_PATHS = NO;
				ASSETCATALOG_COMPILER_GENERATE_SWIFT_ASSET_SYMBOL_EXTENSIONS = YES;
				CLANG_ANALYZER_NONNULL = YES;
				CLANG_ANALYZER_NUMBER_OBJECT_CONVERSION = YES_AGGRESSIVE;
				CLANG_CXX_LANGUAGE_STANDARD = "gnu++20";
				CLANG_ENABLE_MODULES = YES;
				CLANG_ENABLE_OBJC_ARC = YES;
				CLANG_ENABLE_OBJC_WEAK = YES;
				CLANG_WARN_BLOCK_CAPTURE_AUTORELEASING = YES;
				CLANG_WARN_BOOL_CONVERSION = YES;
				CLANG_WARN_COMMA = YES;
				CLANG_WARN_CONSTANT_CONVERSION = YES;
				CLANG_WARN_DEPRECATED_OBJC_IMPLEMENTATIONS = YES;
				CLANG_WARN_DIRECT_OBJC_ISA_USAGE = YES_ERROR;
				CLANG_WARN_DOCUMENTATION_COMMENTS = YES;
				CLANG_WARN_EMPTY_BODY = YES;
				CLANG_WARN_ENUM_CONVERSION = YES;
				CLANG_WARN_INFINITE_RECURSION = YES;
				CLANG_WARN_INT_CONVERSION = YES;
				CLANG_WARN_NON_LITERAL_NULL_CONVERSION = YES;
				CLANG_WARN_OBJC_IMPLICIT_RETAIN_SELF = YES;
				CLANG_WARN_OBJC_LITERAL_CONVERSION = YES;
				CLANG_WARN_OBJC_ROOT_CLASS = YES_ERROR;
				CLANG_WARN_QUOTED_INCLUDE_IN_FRAMEWORK_HEADER = YES;
				CLANG_WARN_RANGE_LOOP_ANALYSIS = YES;
				CLANG_WARN_STRICT_PROTOTYPES = YES;
				CLANG_WARN_SUSPICIOUS_MOVE = YES;
				CLANG_WARN_UNGUARDED_AVAILABILITY = YES_AGGRESSIVE;
				CLANG_WARN_UNREACHABLE_CODE = YES;
				CLANG_WARN__DUPLICATE_METHOD_MATCH = YES;
				COPY_PHASE_STRIP = NO;
				DEBUG_INFORMATION_FORMAT = dwarf;
				ENABLE_STRICT_OBJC_MSGSEND = YES;
				ENABLE_TESTABILITY = YES;
				ENABLE_USER_SCRIPT_SANDBOXING = YES;
				GCC_C_LANGUAGE_STANDARD = gnu17;
				GCC_DYNAMIC_NO_PIC = NO;
				GCC_NO_COMMON_BLOCKS = YES;
				GCC_OPTIMIZATION_LEVEL = 0;
				GCC_PREPROCESSOR_DEFINITIONS = (
					"DEBUG=1",
					"$(inherited)",
				);
				GCC_WARN_64_TO_32_BIT_CONVERSION = YES;
				GCC_WARN_ABOUT_RETURN_TYPE = YES_ERROR;
				GCC_WARN_UNDECLARED_SELECTOR = YES;
				GCC_WARN_UNINITIALIZED_AUTOS = YES_AGGRESSIVE;
				GCC_WARN_UNUSED_FUNCTION = YES;
				GCC_WARN_UNUSED_VARIABLE = YES;
				IPHONEOS_DEPLOYMENT_TARGET = 17.4;
				LOCALIZATION_PREFERS_STRING_CATALOGS = YES;
				MTL_ENABLE_DEBUG_INFO = INCLUDE_SOURCE;
				MTL_FAST_MATH = YES;
				ONLY_ACTIVE_ARCH = YES;
				SDKROOT = iphoneos;
				SWIFT_ACTIVE_COMPILATION_CONDITIONS = "DEBUG $(inherited)";
				SWIFT_OPTIMIZATION_LEVEL = "-Onone";
			};
			name = Debug;
		};
		BC45F05A2BFE04BA00D1808D /* Release */ = {
			isa = XCBuildConfiguration;
			buildSettings = {
				ALWAYS_SEARCH_USER_PATHS = NO;
				ASSETCATALOG_COMPILER_GENERATE_SWIFT_ASSET_SYMBOL_EXTENSIONS = YES;
				CLANG_ANALYZER_NONNULL = YES;
				CLANG_ANALYZER_NUMBER_OBJECT_CONVERSION = YES_AGGRESSIVE;
				CLANG_CXX_LANGUAGE_STANDARD = "gnu++20";
				CLANG_ENABLE_MODULES = YES;
				CLANG_ENABLE_OBJC_ARC = YES;
				CLANG_ENABLE_OBJC_WEAK = YES;
				CLANG_WARN_BLOCK_CAPTURE_AUTORELEASING = YES;
				CLANG_WARN_BOOL_CONVERSION = YES;
				CLANG_WARN_COMMA = YES;
				CLANG_WARN_CONSTANT_CONVERSION = YES;
				CLANG_WARN_DEPRECATED_OBJC_IMPLEMENTATIONS = YES;
				CLANG_WARN_DIRECT_OBJC_ISA_USAGE = YES_ERROR;
				CLANG_WARN_DOCUMENTATION_COMMENTS = YES;
				CLANG_WARN_EMPTY_BODY = YES;
				CLANG_WARN_ENUM_CONVERSION = YES;
				CLANG_WARN_INFINITE_RECURSION = YES;
				CLANG_WARN_INT_CONVERSION = YES;
				CLANG_WARN_NON_LITERAL_NULL_CONVERSION = YES;
				CLANG_WARN_OBJC_IMPLICIT_RETAIN_SELF = YES;
				CLANG_WARN_OBJC_LITERAL_CONVERSION = YES;
				CLANG_WARN_OBJC_ROOT_CLASS = YES_ERROR;
				CLANG_WARN_QUOTED_INCLUDE_IN_FRAMEWORK_HEADER = YES;
				CLANG_WARN_RANGE_LOOP_ANALYSIS = YES;
				CLANG_WARN_STRICT_PROTOTYPES = YES;
				CLANG_WARN_SUSPICIOUS_MOVE = YES;
				CLANG_WARN_UNGUARDED_AVAILABILITY = YES_AGGRESSIVE;
				CLANG_WARN_UNREACHABLE_CODE = YES;
				CLANG_WARN__DUPLICATE_METHOD_MATCH = YES;
				COPY_PHASE_STRIP = NO;
				DEBUG_INFORMATION_FORMAT = "dwarf-with-dsym";
				ENABLE_NS_ASSERTIONS = NO;
				ENABLE_STRICT_OBJC_MSGSEND = YES;
				ENABLE_USER_SCRIPT_SANDBOXING = YES;
				GCC_C_LANGUAGE_STANDARD = gnu17;
				GCC_NO_COMMON_BLOCKS = YES;
				GCC_WARN_64_TO_32_BIT_CONVERSION = YES;
				GCC_WARN_ABOUT_RETURN_TYPE = YES_ERROR;
				GCC_WARN_UNDECLARED_SELECTOR = YES;
				GCC_WARN_UNINITIALIZED_AUTOS = YES_AGGRESSIVE;
				GCC_WARN_UNUSED_FUNCTION = YES;
				GCC_WARN_UNUSED_VARIABLE = YES;
				IPHONEOS_DEPLOYMENT_TARGET = 17.4;
				LOCALIZATION_PREFERS_STRING_CATALOGS = YES;
				MTL_ENABLE_DEBUG_INFO = NO;
				MTL_FAST_MATH = YES;
				SDKROOT = iphoneos;
				SWIFT_COMPILATION_MODE = wholemodule;
				VALIDATE_PRODUCT = YES;
			};
			name = Release;
		};
		BC45F05C2BFE04BA00D1808D /* Debug */ = {
			isa = XCBuildConfiguration;
			buildSettings = {
				ASSETCATALOG_COMPILER_APPICON_NAME = AppIcon;
				ASSETCATALOG_COMPILER_GLOBAL_ACCENT_COLOR_NAME = AccentColor;
				CODE_SIGN_STYLE = Automatic;
				CURRENT_PROJECT_VERSION = 1;
				DEVELOPMENT_ASSET_PATHS = "\"SquadArticleDemo/Preview Content\"";
				ENABLE_PREVIEWS = YES;
				GENERATE_INFOPLIST_FILE = YES;
				INFOPLIST_KEY_UIApplicationSceneManifest_Generation = YES;
				INFOPLIST_KEY_UIApplicationSupportsIndirectInputEvents = YES;
				INFOPLIST_KEY_UILaunchScreen_Generation = YES;
				INFOPLIST_KEY_UISupportedInterfaceOrientations_iPad = "UIInterfaceOrientationPortrait UIInterfaceOrientationPortraitUpsideDown UIInterfaceOrientationLandscapeLeft UIInterfaceOrientationLandscapeRight";
				INFOPLIST_KEY_UISupportedInterfaceOrientations_iPhone = "UIInterfaceOrientationPortrait UIInterfaceOrientationLandscapeLeft UIInterfaceOrientationLandscapeRight";
				LD_RUNPATH_SEARCH_PATHS = (
					"$(inherited)",
					"@executable_path/Frameworks",
				);
				MARKETING_VERSION = 1.0;
				PRODUCT_BUNDLE_IDENTIFIER = com.nothing.SquadArticleDemo;
				PRODUCT_NAME = "$(TARGET_NAME)";
				SWIFT_EMIT_LOC_STRINGS = YES;
				SWIFT_VERSION = 5.0;
				TARGETED_DEVICE_FAMILY = "1,2";
			};
			name = Debug;
		};
		BC45F05D2BFE04BA00D1808D /* Release */ = {
			isa = XCBuildConfiguration;
			buildSettings = {
				ASSETCATALOG_COMPILER_APPICON_NAME = AppIcon;
				ASSETCATALOG_COMPILER_GLOBAL_ACCENT_COLOR_NAME = AccentColor;
				CODE_SIGN_STYLE = Automatic;
				CURRENT_PROJECT_VERSION = 1;
				DEVELOPMENT_ASSET_PATHS = "\"SquadArticleDemo/Preview Content\"";
				ENABLE_PREVIEWS = YES;
				GENERATE_INFOPLIST_FILE = YES;
				INFOPLIST_KEY_UIApplicationSceneManifest_Generation = YES;
				INFOPLIST_KEY_UIApplicationSupportsIndirectInputEvents = YES;
				INFOPLIST_KEY_UILaunchScreen_Generation = YES;
				INFOPLIST_KEY_UISupportedInterfaceOrientations_iPad = "UIInterfaceOrientationPortrait UIInterfaceOrientationPortraitUpsideDown UIInterfaceOrientationLandscapeLeft UIInterfaceOrientationLandscapeRight";
				INFOPLIST_KEY_UISupportedInterfaceOrientations_iPhone = "UIInterfaceOrientationPortrait UIInterfaceOrientationLandscapeLeft UIInterfaceOrientationLandscapeRight";
				LD_RUNPATH_SEARCH_PATHS = (
					"$(inherited)",
					"@executable_path/Frameworks",
				);
				MARKETING_VERSION = 1.0;
				PRODUCT_BUNDLE_IDENTIFIER = com.nothing.SquadArticleDemo;
				PRODUCT_NAME = "$(TARGET_NAME)";
				SWIFT_EMIT_LOC_STRINGS = YES;
				SWIFT_VERSION = 5.0;
				TARGETED_DEVICE_FAMILY = "1,2";
			};
			name = Release;
		};
/* End XCBuildConfiguration section */

/* Begin XCConfigurationList section */
		BC45F0482BFE04B800D1808D /* Build configuration list for PBXProject "SquadArticleDemo" */ = {
			isa = XCConfigurationList;
			buildConfigurations = (
				BC45F0592BFE04BA00D1808D /* Debug */,
				BC45F05A2BFE04BA00D1808D /* Release */,
			);
			defaultConfigurationIsVisible = 0;
			defaultConfigurationName = Release;
		};
		BC45F05B2BFE04BA00D1808D /* Build configuration list for PBXNativeTarget "SquadArticleDemo" */ = {
			isa = XCConfigurationList;
			buildConfigurations = (
				BC45F05C2BFE04BA00D1808D /* Debug */,
				BC45F05D2BFE04BA00D1808D /* Release */,
			);
			defaultConfigurationIsVisible = 0;
			defaultConfigurationName = Release;
		};
/* End XCConfigurationList section */
	};
	rootObject = BC45F0452BFE04B800D1808D /* Project object */;
}
